{
  "name": "openscad-parser",
  "lockfileVersion": 3,
  "requires": true,
  "packages": {
    "": {
      "dependencies": {
        "@jscad/modeling": "^2.12.0"
      }
    },
    "node_modules/@jscad/modeling": {
      "version": "2.12.0",
      "resolved": "https://registry.npmjs.org/@jscad/modeling/-/modeling-2.12.0.tgz",
      "integrity": "sha512-TeAGX4QPEX+sBfeTMa04HwGL+lpdirqXt9JJKYi0r+UGgcwlsCtOs7dS23WGEAGu5QZgGNF4NJsr9DRPIWoaDQ=="
    }
  }
}
